// !$*UTF8*$!
{
	archiveVersion = 1;
	classes = {
	};
	objectVersion = 48;
	objects = {

/* Begin PBXBuildFile section */
		FE0B3F852246599000C60475 /* AppDelegate.m in Sources */ = {isa = PBXBuildFile; fileRef = FE0B3F842246599000C60475 /* AppDelegate.m */; };
		FE0B3F882246599000C60475 /* ViewController.m in Sources */ = {isa = PBXBuildFile; fileRef = FE0B3F872246599000C60475 /* ViewController.m */; };
		FE0B3F8B2246599000C60475 /* Main.storyboard in Resources */ = {isa = PBXBuildFile; fileRef = FE0B3F892246599000C60475 /* Main.storyboard */; };
		FE0B3F8D2246599000C60475 /* Assets.xcassets in Resources */ = {isa = PBXBuildFile; fileRef = FE0B3F8C2246599000C60475 /* Assets.xcassets */; };
		FE0B3F902246599000C60475 /* LaunchScreen.storyboard in Resources */ = {isa = PBXBuildFile; fileRef = FE0B3F8E2246599000C60475 /* LaunchScreen.storyboard */; };
		FE0B3F932246599000C60475 /* main.m in Sources */ = {isa = PBXBuildFile; fileRef = FE0B3F922246599000C60475 /* main.m */; };
		FE0B3F9A2246599C00C60475 /* Instagram.png in Resources */ = {isa = PBXBuildFile; fileRef = FE0B3F992246599C00C60475 /* Instagram.png */; };
		FE73AD9022465CBB0005C2CA /* secondViewController.m in Sources */ = {isa = PBXBuildFile; fileRef = FE73AD8F22465CBB0005C2CA /* secondViewController.m */; };
/* End PBXBuildFile section */

/* Begin PBXFileReference section */
		FE0B3F802246599000C60475 /* Assignment_3.app */ = {isa = PBXFileReference; explicitFileType = wrapper.application; includeInIndex = 0; path = Assignment_3.app; sourceTree = BUILT_PRODUCTS_DIR; };
		FE0B3F832246599000C60475 /* AppDelegate.h */ = {isa = PBXFileReference; lastKnownFileType = sourcecode.c.h; path = AppDelegate.h; sourceTree = "<group>"; };
		FE0B3F842246599000C60475 /* AppDelegate.m */ = {isa = PBXFileReference; lastKnownFileType = sourcecode.c.objc; path = AppDelegate.m; sourceTree = "<group>"; };
		FE0B3F862246599000C60475 /* ViewController.h */ = {isa = PBXFileReference; lastKnownFileType = sourcecode.c.h; path = ViewController.h; sourceTree = "<group>"; };
		FE0B3F872246599000C60475 /* ViewController.m */ = {isa = PBXFileReference; lastKnownFileType = sourcecode.c.objc; path = ViewController.m; sourceTree = "<group>"; };
		FE0B3F8A2246599000C60475 /* Base */ = {isa = PBXFileReference; lastKnownFileType = file.storyboard; name = Base; path = Base.lproj/Main.storyboard; sourceTree = "<group>"; };
		FE0B3F8C2246599000C60475 /* Assets.xcassets */ = {isa = PBXFileReference; lastKnownFileType = folder.assetcatalog; path = Assets.xcassets; sourceTree = "<group>"; };
		FE0B3F8F2246599000C60475 /* Base */ = {isa = PBXFileReference; lastKnownFileType = file.storyboard; name = Base; path = Base.lproj/LaunchScreen.storyboard; sourceTree = "<group>"; };
		FE0B3F912246599000C60475 /* Info.plist */ = {isa = PBXFileReference; lastKnownFileType = text.plist.xml; path = Info.plist; sourceTree = "<group>"; };
		FE0B3F922246599000C60475 /* main.m */ = {isa = PBXFileReference; lastKnownFileType = sourcecode.c.objc; path = main.m; sourceTree = "<group>"; };
		FE0B3F992246599C00C60475 /* Instagram.png */ = {isa = PBXFileReference; lastKnownFileType = image.png; path = Instagram.png; sourceTree = "<group>"; };
		FE73AD8E22465CBB0005C2CA /* secondViewController.h */ = {isa = PBXFileReference; lastKnownFileType = sourcecode.c.h; path = secondViewController.h; sourceTree = "<group>"; };
		FE73AD8F22465CBB0005C2CA /* secondViewController.m */ = {isa = PBXFileReference; lastKnownFileType = sourcecode.c.objc; path = secondViewController.m; sourceTree = "<group>"; };
/* End PBXFileReference section */

/* Begin PBXFrameworksBuildPhase section */
		FE0B3F7D2246599000C60475 /* Frameworks */ = {
			isa = PBXFrameworksBuildPhase;
			buildActionMask = 2147483647;
			files = (
			);
			runOnlyForDeploymentPostprocessing = 0;
		};
/* End PBXFrameworksBuildPhase section */

/* Begin PBXGroup section */
		FE0B3F772246599000C60475 = {
			isa = PBXGroup;
			children = (
				FE0B3F822246599000C60475 /* Assignment_3 */,
				FE0B3F812246599000C60475 /* Products */,
			);
			sourceTree = "<group>";
		};
		FE0B3F812246599000C60475 /* Products */ = {
			isa = PBXGroup;
			children = (
				FE0B3F802246599000C60475 /* Assignment_3.app */,
			);
			name = Products;
			sourceTree = "<group>";
		};
		FE0B3F822246599000C60475 /* Assignment_3 */ = {
			isa = PBXGroup;
			children = (
				FE0B3F992246599C00C60475 /* Instagram.png */,
				FE0B3F832246599000C60475 /* AppDelegate.h */,
				FE0B3F842246599000C60475 /* AppDelegate.m */,
				FE0B3F862246599000C60475 /* ViewController.h */,
				FE0B3F872246599000C60475 /* ViewController.m */,
				FE0B3F892246599000C60475 /* Main.storyboard */,
				FE0B3F8C2246599000C60475 /* Assets.xcassets */,
				FE0B3F8E2246599000C60475 /* LaunchScreen.storyboard */,
				FE0B3F912246599000C60475 /* Info.plist */,
				FE0B3F922246599000C60475 /* main.m */,
				FE73AD8E22465CBB0005C2CA /* secondViewController.h */,
				FE73AD8F22465CBB0005C2CA /* secondViewController.m */,
			);
			path = Assignment_3;
			sourceTree = "<group>";
		};
/* End PBXGroup section */

/* Begin PBXNativeTarget section */
		FE0B3F7F2246599000C60475 /* Assignment_3 */ = {
			isa = PBXNativeTarget;
			buildConfigurationList = FE0B3F962246599000C60475 /* Build configuration list for PBXNativeTarget "Assignment_3" */;
			buildPhases = (
				FE0B3F7C2246599000C60475 /* Sources */,
				FE0B3F7D2246599000C60475 /* Frameworks */,
				FE0B3F7E2246599000C60475 /* Resources */,
			);
			buildRules = (
			);
			dependencies = (
			);
			name = Assignment_3;
			productName = Assignment_3;
			productReference = FE0B3F802246599000C60475 /* Assignment_3.app */;
			productType = "com.apple.product-type.application";
		};
/* End PBXNativeTarget section */

/* Begin PBXProject section */
		FE0B3F782246599000C60475 /* Project object */ = {
			isa = PBXProject;
			attributes = {
				LastUpgradeCheck = 0920;
				ORGANIZATIONNAME = Sreeparna;
				TargetAttributes = {
					FE0B3F7F2246599000C60475 = {
						CreatedOnToolsVersion = 9.2;
						ProvisioningStyle = Automatic;
					};
				};
			};
			buildConfigurationList = FE0B3F7B2246599000C60475 /* Build configuration list for PBXProject "Assignment_3" */;
			compatibilityVersion = "Xcode 8.0";
			developmentRegion = en;
			hasScannedForEncodings = 0;
			knownRegions = (
				en,
				Base,
			);
			mainGroup = FE0B3F772246599000C60475;
			productRefGroup = FE0B3F812246599000C60475 /* Products */;
			projectDirPath = "";
			projectRoot = "";
			targets = (
				FE0B3F7F2246599000C60475 /* Assignment_3 */,
			);
		};
/* End PBXProject section */

/* Begin PBXResourcesBuildPhase section */
		FE0B3F7E2246599000C60475 /* Resources */ = {
			isa = PBXResourcesBuildPhase;
			buildActionMask = 2147483647;
			files = (
				FE0B3F902246599000C60475 /* LaunchScreen.storyboard in Resources */,
				FE0B3F8D2246599000C60475 /* Assets.xcassets in Resources */,
				FE0B3F9A2246599C00C60475 /* Instagram.png in Resources */,
				FE0B3F8B2246599000C60475 /* Main.storyboard in Resources */,
			);
			runOnlyForDeploymentPostprocessing = 0;
		};
/* End PBXResourcesBuildPhase section */

/* Begin PBXSourcesBuildPhase section */
		FE0B3F7C2246599000C60475 /* Sources */ = {
			isa = PBXSourcesBuildPhase;
			buildActionMask = 2147483647;
			files = (
				FE73AD9022465CBB0005C2CA /* secondViewController.m in Sources */,
				FE0B3F882246599000C60475 /* ViewController.m in Sources */,
				FE0B3F932246599000C60475 /* main.m in Sources */,
				FE0B3F852246599000C60475 /* AppDelegate.m in Sources */,
			);
			runOnlyForDeploymentPostprocessing = 0;
		};
/* End PBXSourcesBuildPhase section */

/* Begin PBXVariantGroup section */
		FE0B3F892246599000C60475 /* Main.storyboard */ = {
			isa = PBXVariantGroup;
			children = (
				FE0B3F8A2246599000C60475 /* Base */,
			);
			name = Main.storyboard;
			sourceTree = "<group>";
		};
		FE0B3F8E2246599000C60475 /* LaunchScreen.storyboard */ = {
			isa = PBXVariantGroup;
			children = (
				FE0B3F8F2246599000C60475 /* Base */,
			);
			name = LaunchScreen.storyboard;
			sourceTree = "<group>";
		};
/* End PBXVariantGroup section */

/* Begin XCBuildConfiguration section */
		FE0B3F942246599000C60475 /* Debug */ = {
			isa = XCBuildConfiguration;
			buildSettings = {
				ALWAYS_SEARCH_USER_PATHS = NO;
				CLANG_ANALYZER_NONNULL = YES;
				CLANG_ANALYZER_NUMBER_OBJECT_CONVERSION = YES_AGGRESSIVE;
				CLANG_CXX_LANGUAGE_STANDARD = "gnu++14";
				CLANG_CXX_LIBRARY = "libc++";
				CLANG_ENABLE_MODULES = YES;
				CLANG_ENABLE_OBJC_ARC = YES;
				CLANG_WARN_BLOCK_CAPTURE_AUTORELEASING = YES;
				CLANG_WARN_BOOL_CONVERSION = YES;
				CLANG_WARN_COMMA = YES;
				CLANG_WARN_CONSTANT_CONVERSION = YES;
				CLANG_WARN_DIRECT_OBJC_ISA_USAGE = YES_ERROR;
				CLANG_WARN_DOCUMENTATION_COMMENTS = YES;
				CLANG_WARN_EMPTY_BODY = YES;
				CLANG_WARN_ENUM_CONVERSION = YES;
				CLANG_WARN_INFINITE_RECURSION = YES;
				CLANG_WARN_INT_CONVERSION = YES;
				CLANG_WARN_NON_LITERAL_NULL_CONVERSION = YES;
				CLANG_WARN_OBJC_LITERAL_CONVERSION = YES;
				CLANG_WARN_OBJC_ROOT_CLASS = YES_ERROR;
				CLANG_WARN_RANGE_LOOP_ANALYSIS = YES;
				CLANG_WARN_STRICT_PROTOTYPES = YES;
				CLANG_WARN_SUSPICIOUS_MOVE = YES;
				CLANG_WARN_UNGUARDED_AVAILABILITY = YES_AGGRESSIVE;
				CLANG_WARN_UNREACHABLE_CODE = YES;
				CLANG_WARN__DUPLICATE_METHOD_MATCH = YES;
				CODE_SIGN_IDENTITY = "iPhone Developer";
				COPY_PHASE_STRIP = NO;
				DEBUG_INFORMATION_FORMAT = dwarf;
				ENABLE_STRICT_OBJC_MSGSEND = YES;
				ENABLE_TESTABILITY = YES;
				GCC_C_LANGUAGE_STANDARD = gnu11;
				GCC_DYNAMIC_NO_PIC = NO;
				GCC_NO_COMMON_BLOCKS = YES;
				GCC_OPTIMIZATION_LEVEL = 0;
				GCC_PREPROCESSOR_DEFINITIONS = (
					"DEBUG=1",
					"$(inherited)",
				);
				GCC_WARN_64_TO_32_BIT_CONVERSION = YES;
				GCC_WARN_ABOUT_RETURN_TYPE = YES_ERROR;
				GCC_WARN_UNDECLARED_SELECTOR = YES;
				GCC_WARN_UNINITIALIZED_AUTOS = YES_AGGRESSIVE;
				GCC_WARN_UNUSED_FUNCTION = YES;
				GCC_WARN_UNUSED_VARIABLE = YES;
				IPHONEOS_DEPLOYMENT_TARGET = 11.2;
				MTL_ENABLE_DEBUG_INFO = YES;
				ONLY_ACTIVE_ARCH = YES;
				SDKROOT = iphoneos;
			};
			name = Debug;
		};
		FE0B3F952246599000C60475 /* Release */ = {
			isa = XCBuildConfiguration;
			buildSettings = {
				ALWAYS_SEARCH_USER_PATHS = NO;
				CLANG_ANALYZER_NONNULL = YES;
				CLANG_ANALYZER_NUMBER_OBJECT_CONVERSION = YES_AGGRESSIVE;
				CLANG_CXX_LANGUAGE_STANDARD = "gnu++14";
				CLANG_CXX_LIBRARY = "libc++";
				CLANG_ENABLE_MODULES = YES;
				CLANG_ENABLE_OBJC_ARC = YES;
				CLANG_WARN_BLOCK_CAPTURE_AUTORELEASING = YES;
				CLANG_WARN_BOOL_CONVERSION = YES;
				CLANG_WARN_COMMA = YES;
				CLANG_WARN_CONSTANT_CONVERSION = YES;
				CLANG_WARN_DIRECT_OBJC_ISA_USAGE = YES_ERROR;
				CLANG_WARN_DOCUMENTATION_COMMENTS = YES;
				CLANG_WARN_EMPTY_BODY = YES;
				CLANG_WARN_ENUM_CONVERSION = YES;
				CLANG_WARN_INFINITE_RECURSION = YES;
				CLANG_WARN_INT_CONVERSION = YES;
				CLANG_WARN_NON_LITERAL_NULL_CONVERSION = YES;
				CLANG_WARN_OBJC_LITERAL_CONVERSION = YES;
				CLANG_WARN_OBJC_ROOT_CLASS = YES_ERROR;
				CLANG_WARN_RANGE_LOOP_ANALYSIS = YES;
				CLANG_WARN_STRICT_PROTOTYPES = YES;
				CLANG_WARN_SUSPICIOUS_MOVE = YES;
				CLANG_WARN_UNGUARDED_AVAILABILITY = YES_AGGRESSIVE;
				CLANG_WARN_UNREACHABLE_CODE = YES;
				CLANG_WARN__DUPLICATE_METHOD_MATCH = YES;
				CODE_SIGN_IDENTITY = "iPhone Developer";
				COPY_PHASE_STRIP = NO;
				DEBUG_INFORMATION_FORMAT = "dwarf-with-dsym";
				ENABLE_NS_ASSERTIONS = NO;
				ENABLE_STRICT_OBJC_MSGSEND = YES;
				GCC_C_LANGUAGE_STANDARD = gnu11;
				GCC_NO_COMMON_BLOCKS = YES;
				GCC_WARN_64_TO_32_BIT_CONVERSION = YES;
				GCC_WARN_ABOUT_RETURN_TYPE = YES_ERROR;
				GCC_WARN_UNDECLARED_SELECTOR = YES;
				GCC_WARN_UNINITIALIZED_AUTOS = YES_AGGRESSIVE;
				GCC_WARN_UNUSED_FUNCTION = YES;
				GCC_WARN_UNUSED_VARIABLE = YES;
				IPHONEOS_DEPLOYMENT_TARGET = 11.2;
				MTL_ENABLE_DEBUG_INFO = NO;
				SDKROOT = iphoneos;
				VALIDATE_PRODUCT = YES;
			};
			name = Release;
		};
		FE0B3F972246599000C60475 /* Debug */ = {
			isa = XCBuildConfiguration;
			buildSettings = {
				ASSETCATALOG_COMPILER_APPICON_NAME = AppIcon;
				CODE_SIGN_STYLE = Automatic;
				INFOPLIST_FILE = Assignment_3/Info.plist;
				LD_RUNPATH_SEARCH_PATHS = "$(inherited) @executable_path/Frameworks";
				PRODUCT_BUNDLE_IDENTIFIER = "-stApp.Assignment-3";
				PRODUCT_NAME = "$(TARGET_NAME)";
				TARGETED_DEVICE_FAMILY = "1,2";
			};
			name = Debug;
		};
		FE0B3F982246599000C60475 /* Release */ = {
			isa = XCBuildConfiguration;
			buildSettings = {
				ASSETCATALOG_COMPILER_APPICON_NAME = AppIcon;
				CODE_SIGN_STYLE = Automatic;
				INFOPLIST_FILE = Assignment_3/Info.plist;
				LD_RUNPATH_SEARCH_PATHS = "$(inherited) @executable_path/Frameworks";
				PRODUCT_BUNDLE_IDENTIFIER = "-stApp.Assignment-3";
				PRODUCT_NAME = "$(TARGET_NAME)";
				TARGETED_DEVICE_FAMILY = "1,2";
			};
			name = Release;
		};
/* End XCBuildConfiguration section */

/* Begin XCConfigurationList section */
		FE0B3F7B2246599000C60475 /* Build configuration list for PBXProject "Assignment_3" */ = {
			isa = XCConfigurationList;
			buildConfigurations = (
				FE0B3F942246599000C60475 /* Debug */,
				FE0B3F952246599000C60475 /* Release */,
			);
			defaultConfigurationIsVisible = 0;
			defaultConfigurationName = Release;
		};
		FE0B3F962246599000C60475 /* Build configuration list for PBXNativeTarget "Assignment_3" */ = {
			isa = XCConfigurationList;
			buildConfigurations = (
				FE0B3F972246599000C60475 /* Debug */,
				FE0B3F982246599000C60475 /* Release */,
			);
			defaultConfigurationIsVisible = 0;
			defaultConfigurationName = Release;
		};
/* End XCConfigurationList section */
	};
	rootObject = FE0B3F782246599000C60475 /* Project object */;
}
